
Microsoft Visual Studio Solution File, Format Version 12.00
# Visual Studio Version 17
VisualStudioVersion = 17.14.36203.30 d17.14
MinimumVisualStudioVersion = 10.0.40219.1
Project("{FAE04EC0-301F-11D3-BF4B-00C04F79EFBC}") = "DocType", "DocType\DocType.csproj", "{77268013-4779-4505-8541-73A05C7B256C}"
EndProject
Global
	GlobalSection(SolutionConfigurationPlatforms) = preSolution
		Debug|Any CPU = Debug|Any CPU
		Release|Any CPU = Release|Any CPU
	EndGlobalSection
	GlobalSection(ProjectConfigurationPlatforms) = postSolution
		{77268013-4779-4505-8541-73A05C7B256C}.Debug|Any CPU.ActiveCfg = Debug|Any CPU
		{77268013-4779-4505-8541-73A05C7B256C}.Debug|Any CPU.Build.0 = Debug|Any CPU
		{77268013-4779-4505-8541-73A05C7B256C}.Release|Any CPU.ActiveCfg = Release|Any CPU
		{77268013-4779-4505-8541-73A05C7B256C}.Release|Any CPU.Build.0 = Release|Any CPU
	EndGlobalSection
	GlobalSection(SolutionProperties) = preSolution
		HideSolutionNode = FALSE
	EndGlobalSection
	GlobalSection(ExtensibilityGlobals) = postSolution
		SolutionGuid = {596A86A1-7979-4F36-A18D-CE37FE6F6F71}
	EndGlobalSection
EndGlobal
